{
  "name": "struct-packing",
  "version": "1.0.0",
  "lockfileVersion": 2,
  "requires": true,
  "packages": {
    "": {
      "name": "struct-packing",
      "version": "1.0.0",
      "license": "MIT",
      "dependencies": {
        "shared-structs": "^1.4.1"
      }
    },
    "node_modules/generate-function": {
      "version": "2.3.1",
      "resolved": "https://registry.npmjs.org/generate-function/-/generate-function-2.3.1.tgz",
      "integrity": "sha512-eeB5GfMNeevm/GRYq20ShmsaGcmI81kIX2K9XQx5miC8KdHaC6Jm0qQ8ZNeGOi7wYB8OsdxKs+Y2oVuTFuVwKQ==",
      "dependencies": {
        "is-property": "^1.0.2"
      }
    },
    "node_modules/is-property": {
      "version": "1.0.2",
      "resolved": "https://registry.npmjs.org/is-property/-/is-property-1.0.2.tgz",
      "integrity": "sha1-V/4cTkhHTt1lsJkR8msc1Ald2oQ="
    },
    "node_modules/shared-structs": {
      "version": "1.4.1",
      "resolved": "https://registry.npmjs.org/shared-structs/-/shared-structs-1.4.1.tgz",
      "integrity": "sha512-wdkbo0dtngWRNuLc69GAtohlk0fB98VMmwm51zXTpoimwXcgQeOeR1zK36JpSsntF54Dl4DC+3OKnQV6TkPwiw==",
      "dependencies": {
        "generate-function": "^2.0.0"
      },
      "engines": {
        "node": ">=12"
      }
    }
  },
  "dependencies": {
    "generate-function": {
      "version": "2.3.1",
      "resolved": "https://registry.npmjs.org/generate-function/-/generate-function-2.3.1.tgz",
      "integrity": "sha512-eeB5GfMNeevm/GRYq20ShmsaGcmI81kIX2K9XQx5miC8KdHaC6Jm0qQ8ZNeGOi7wYB8OsdxKs+Y2oVuTFuVwKQ==",
      "requires": {
        "is-property": "^1.0.2"
      }
    },
    "is-property": {
      "version": "1.0.2",
      "resolved": "https://registry.npmjs.org/is-property/-/is-property-1.0.2.tgz",
      "integrity": "sha1-V/4cTkhHTt1lsJkR8msc1Ald2oQ="
    },
    "shared-structs": {
      "version": "1.4.1",
      "resolved": "https://registry.npmjs.org/shared-structs/-/shared-structs-1.4.1.tgz",
      "integrity": "sha512-wdkbo0dtngWRNuLc69GAtohlk0fB98VMmwm51zXTpoimwXcgQeOeR1zK36JpSsntF54Dl4DC+3OKnQV6TkPwiw==",
      "requires": {
        "generate-function": "^2.0.0"
      }
    }
  }
}
